// !$*UTF8*$!
{
	archiveVersion = 1;
	classes = {
	};
	objectVersion = 50;
	objects = {

/* Begin PBXBuildFile section */
		22366FF724ED0E9A00FE9D40 /* AppDelegate.swift in Sources */ = {isa = PBXBuildFile; fileRef = 22366FF624ED0E9A00FE9D40 /* AppDelegate.swift */; };
		22366FF924ED0E9A00FE9D40 /* SceneDelegate.swift in Sources */ = {isa = PBXBuildFile; fileRef = 22366FF824ED0E9A00FE9D40 /* SceneDelegate.swift */; };
		22366FFB24ED0E9A00FE9D40 /* ViewController.swift in Sources */ = {isa = PBXBuildFile; fileRef = 22366FFA24ED0E9A00FE9D40 /* ViewController.swift */; };
		22366FFE24ED0E9A00FE9D40 /* Main.storyboard in Resources */ = {isa = PBXBuildFile; fileRef = 22366FFC24ED0E9A00FE9D40 /* Main.storyboard */; };
		2236700124ED0E9A00FE9D40 /* RxSample.xcdatamodeld in Sources */ = {isa = PBXBuildFile; fileRef = 22366FFF24ED0E9A00FE9D40 /* RxSample.xcdatamodeld */; };
		2236700324ED0E9D00FE9D40 /* Assets.xcassets in Resources */ = {isa = PBXBuildFile; fileRef = 2236700224ED0E9D00FE9D40 /* Assets.xcassets */; };
		2236700624ED0E9D00FE9D40 /* LaunchScreen.storyboard in Resources */ = {isa = PBXBuildFile; fileRef = 2236700424ED0E9D00FE9D40 /* LaunchScreen.storyboard */; };
		2236701124ED0E9D00FE9D40 /* RxSampleTests.swift in Sources */ = {isa = PBXBuildFile; fileRef = 2236701024ED0E9D00FE9D40 /* RxSampleTests.swift */; };
		2236701C24ED0E9D00FE9D40 /* RxSampleUITests.swift in Sources */ = {isa = PBXBuildFile; fileRef = 2236701B24ED0E9D00FE9D40 /* RxSampleUITests.swift */; };
/* End PBXBuildFile section */

/* Begin PBXContainerItemProxy section */
		2236700D24ED0E9D00FE9D40 /* PBXContainerItemProxy */ = {
			isa = PBXContainerItemProxy;
			containerPortal = 22366FEB24ED0E9A00FE9D40 /* Project object */;
			proxyType = 1;
			remoteGlobalIDString = 22366FF224ED0E9A00FE9D40;
			remoteInfo = RxSample;
		};
		2236701824ED0E9D00FE9D40 /* PBXContainerItemProxy */ = {
			isa = PBXContainerItemProxy;
			containerPortal = 22366FEB24ED0E9A00FE9D40 /* Project object */;
			proxyType = 1;
			remoteGlobalIDString = 22366FF224ED0E9A00FE9D40;
			remoteInfo = RxSample;
		};
/* End PBXContainerItemProxy section */

/* Begin PBXFileReference section */
		22366FF324ED0E9A00FE9D40 /* RxSample.app */ = {isa = PBXFileReference; explicitFileType = wrapper.application; includeInIndex = 0; path = RxSample.app; sourceTree = BUILT_PRODUCTS_DIR; };
		22366FF624ED0E9A00FE9D40 /* AppDelegate.swift */ = {isa = PBXFileReference; lastKnownFileType = sourcecode.swift; path = AppDelegate.swift; sourceTree = "<group>"; };
		22366FF824ED0E9A00FE9D40 /* SceneDelegate.swift */ = {isa = PBXFileReference; lastKnownFileType = sourcecode.swift; path = SceneDelegate.swift; sourceTree = "<group>"; };
		22366FFA24ED0E9A00FE9D40 /* ViewController.swift */ = {isa = PBXFileReference; lastKnownFileType = sourcecode.swift; path = ViewController.swift; sourceTree = "<group>"; };
		22366FFD24ED0E9A00FE9D40 /* Base */ = {isa = PBXFileReference; lastKnownFileType = file.storyboard; name = Base; path = Base.lproj/Main.storyboard; sourceTree = "<group>"; };
		2236700024ED0E9A00FE9D40 /* RxSample.xcdatamodel */ = {isa = PBXFileReference; lastKnownFileType = wrapper.xcdatamodel; path = RxSample.xcdatamodel; sourceTree = "<group>"; };
		2236700224ED0E9D00FE9D40 /* Assets.xcassets */ = {isa = PBXFileReference; lastKnownFileType = folder.assetcatalog; path = Assets.xcassets; sourceTree = "<group>"; };
		2236700524ED0E9D00FE9D40 /* Base */ = {isa = PBXFileReference; lastKnownFileType = file.storyboard; name = Base; path = Base.lproj/LaunchScreen.storyboard; sourceTree = "<group>"; };
		2236700724ED0E9D00FE9D40 /* Info.plist */ = {isa = PBXFileReference; lastKnownFileType = text.plist.xml; path = Info.plist; sourceTree = "<group>"; };
		2236700C24ED0E9D00FE9D40 /* RxSampleTests.xctest */ = {isa = PBXFileReference; explicitFileType = wrapper.cfbundle; includeInIndex = 0; path = RxSampleTests.xctest; sourceTree = BUILT_PRODUCTS_DIR; };
		2236701024ED0E9D00FE9D40 /* RxSampleTests.swift */ = {isa = PBXFileReference; lastKnownFileType = sourcecode.swift; path = RxSampleTests.swift; sourceTree = "<group>"; };
		2236701224ED0E9D00FE9D40 /* Info.plist */ = {isa = PBXFileReference; lastKnownFileType = text.plist.xml; path = Info.plist; sourceTree = "<group>"; };
		2236701724ED0E9D00FE9D40 /* RxSampleUITests.xctest */ = {isa = PBXFileReference; explicitFileType = wrapper.cfbundle; includeInIndex = 0; path = RxSampleUITests.xctest; sourceTree = BUILT_PRODUCTS_DIR; };
		2236701B24ED0E9D00FE9D40 /* RxSampleUITests.swift */ = {isa = PBXFileReference; lastKnownFileType = sourcecode.swift; path = RxSampleUITests.swift; sourceTree = "<group>"; };
		2236701D24ED0E9D00FE9D40 /* Info.plist */ = {isa = PBXFileReference; lastKnownFileType = text.plist.xml; path = Info.plist; sourceTree = "<group>"; };
/* End PBXFileReference section */

/* Begin PBXFrameworksBuildPhase section */
		22366FF024ED0E9A00FE9D40 /* Frameworks */ = {
			isa = PBXFrameworksBuildPhase;
			buildActionMask = 2147483647;
			files = (
			);
			runOnlyForDeploymentPostprocessing = 0;
		};
		2236700924ED0E9D00FE9D40 /* Frameworks */ = {
			isa = PBXFrameworksBuildPhase;
			buildActionMask = 2147483647;
			files = (
			);
			runOnlyForDeploymentPostprocessing = 0;
		};
		2236701424ED0E9D00FE9D40 /* Frameworks */ = {
			isa = PBXFrameworksBuildPhase;
			buildActionMask = 2147483647;
			files = (
			);
			runOnlyForDeploymentPostprocessing = 0;
		};
/* End PBXFrameworksBuildPhase section */

/* Begin PBXGroup section */
		22366FEA24ED0E9A00FE9D40 = {
			isa = PBXGroup;
			children = (
				22366FF524ED0E9A00FE9D40 /* RxSample */,
				2236700F24ED0E9D00FE9D40 /* RxSampleTests */,
				2236701A24ED0E9D00FE9D40 /* RxSampleUITests */,
				22366FF424ED0E9A00FE9D40 /* Products */,
			);
			sourceTree = "<group>";
		};
		22366FF424ED0E9A00FE9D40 /* Products */ = {
			isa = PBXGroup;
			children = (
				22366FF324ED0E9A00FE9D40 /* RxSample.app */,
				2236700C24ED0E9D00FE9D40 /* RxSampleTests.xctest */,
				2236701724ED0E9D00FE9D40 /* RxSampleUITests.xctest */,
			);
			name = Products;
			sourceTree = "<group>";
		};
		22366FF524ED0E9A00FE9D40 /* RxSample */ = {
			isa = PBXGroup;
			children = (
				22366FF624ED0E9A00FE9D40 /* AppDelegate.swift */,
				22366FF824ED0E9A00FE9D40 /* SceneDelegate.swift */,
				22366FFA24ED0E9A00FE9D40 /* ViewController.swift */,
				22366FFC24ED0E9A00FE9D40 /* Main.storyboard */,
				2236700224ED0E9D00FE9D40 /* Assets.xcassets */,
				2236700424ED0E9D00FE9D40 /* LaunchScreen.storyboard */,
				2236700724ED0E9D00FE9D40 /* Info.plist */,
				22366FFF24ED0E9A00FE9D40 /* RxSample.xcdatamodeld */,
			);
			path = RxSample;
			sourceTree = "<group>";
		};
		2236700F24ED0E9D00FE9D40 /* RxSampleTests */ = {
			isa = PBXGroup;
			children = (
				2236701024ED0E9D00FE9D40 /* RxSampleTests.swift */,
				2236701224ED0E9D00FE9D40 /* Info.plist */,
			);
			path = RxSampleTests;
			sourceTree = "<group>";
		};
		2236701A24ED0E9D00FE9D40 /* RxSampleUITests */ = {
			isa = PBXGroup;
			children = (
				2236701B24ED0E9D00FE9D40 /* RxSampleUITests.swift */,
				2236701D24ED0E9D00FE9D40 /* Info.plist */,
			);
			path = RxSampleUITests;
			sourceTree = "<group>";
		};
/* End PBXGroup section */

/* Begin PBXNativeTarget section */
		22366FF224ED0E9A00FE9D40 /* RxSample */ = {
			isa = PBXNativeTarget;
			buildConfigurationList = 2236702024ED0E9D00FE9D40 /* Build configuration list for PBXNativeTarget "RxSample" */;
			buildPhases = (
				22366FEF24ED0E9A00FE9D40 /* Sources */,
				22366FF024ED0E9A00FE9D40 /* Frameworks */,
				22366FF124ED0E9A00FE9D40 /* Resources */,
			);
			buildRules = (
			);
			dependencies = (
			);
			name = RxSample;
			productName = RxSample;
			productReference = 22366FF324ED0E9A00FE9D40 /* RxSample.app */;
			productType = "com.apple.product-type.application";
		};
		2236700B24ED0E9D00FE9D40 /* RxSampleTests */ = {
			isa = PBXNativeTarget;
			buildConfigurationList = 2236702324ED0E9D00FE9D40 /* Build configuration list for PBXNativeTarget "RxSampleTests" */;
			buildPhases = (
				2236700824ED0E9D00FE9D40 /* Sources */,
				2236700924ED0E9D00FE9D40 /* Frameworks */,
				2236700A24ED0E9D00FE9D40 /* Resources */,
			);
			buildRules = (
			);
			dependencies = (
				2236700E24ED0E9D00FE9D40 /* PBXTargetDependency */,
			);
			name = RxSampleTests;
			productName = RxSampleTests;
			productReference = 2236700C24ED0E9D00FE9D40 /* RxSampleTests.xctest */;
			productType = "com.apple.product-type.bundle.unit-test";
		};
		2236701624ED0E9D00FE9D40 /* RxSampleUITests */ = {
			isa = PBXNativeTarget;
			buildConfigurationList = 2236702624ED0E9D00FE9D40 /* Build configuration list for PBXNativeTarget "RxSampleUITests" */;
			buildPhases = (
				2236701324ED0E9D00FE9D40 /* Sources */,
				2236701424ED0E9D00FE9D40 /* Frameworks */,
				2236701524ED0E9D00FE9D40 /* Resources */,
			);
			buildRules = (
			);
			dependencies = (
				2236701924ED0E9D00FE9D40 /* PBXTargetDependency */,
			);
			name = RxSampleUITests;
			productName = RxSampleUITests;
			productReference = 2236701724ED0E9D00FE9D40 /* RxSampleUITests.xctest */;
			productType = "com.apple.product-type.bundle.ui-testing";
		};
/* End PBXNativeTarget section */

/* Begin PBXProject section */
		22366FEB24ED0E9A00FE9D40 /* Project object */ = {
			isa = PBXProject;
			attributes = {
				LastSwiftUpdateCheck = 1160;
				LastUpgradeCheck = 1160;
				ORGANIZATIONNAME = "グッドサイクルシステム";
				TargetAttributes = {
					22366FF224ED0E9A00FE9D40 = {
						CreatedOnToolsVersion = 11.6;
					};
					2236700B24ED0E9D00FE9D40 = {
						CreatedOnToolsVersion = 11.6;
						TestTargetID = 22366FF224ED0E9A00FE9D40;
					};
					2236701624ED0E9D00FE9D40 = {
						CreatedOnToolsVersion = 11.6;
						TestTargetID = 22366FF224ED0E9A00FE9D40;
					};
				};
			};
			buildConfigurationList = 22366FEE24ED0E9A00FE9D40 /* Build configuration list for PBXProject "RxSample" */;
			compatibilityVersion = "Xcode 9.3";
			developmentRegion = en;
			hasScannedForEncodings = 0;
			knownRegions = (
				en,
				Base,
			);
			mainGroup = 22366FEA24ED0E9A00FE9D40;
			productRefGroup = 22366FF424ED0E9A00FE9D40 /* Products */;
			projectDirPath = "";
			projectRoot = "";
			targets = (
				22366FF224ED0E9A00FE9D40 /* RxSample */,
				2236700B24ED0E9D00FE9D40 /* RxSampleTests */,
				2236701624ED0E9D00FE9D40 /* RxSampleUITests */,
			);
		};
/* End PBXProject section */

/* Begin PBXResourcesBuildPhase section */
		22366FF124ED0E9A00FE9D40 /* Resources */ = {
			isa = PBXResourcesBuildPhase;
			buildActionMask = 2147483647;
			files = (
				2236700624ED0E9D00FE9D40 /* LaunchScreen.storyboard in Resources */,
				2236700324ED0E9D00FE9D40 /* Assets.xcassets in Resources */,
				22366FFE24ED0E9A00FE9D40 /* Main.storyboard in Resources */,
			);
			runOnlyForDeploymentPostprocessing = 0;
		};
		2236700A24ED0E9D00FE9D40 /* Resources */ = {
			isa = PBXResourcesBuildPhase;
			buildActionMask = 2147483647;
			files = (
			);
			runOnlyForDeploymentPostprocessing = 0;
		};
		2236701524ED0E9D00FE9D40 /* Resources */ = {
			isa = PBXResourcesBuildPhase;
			buildActionMask = 2147483647;
			files = (
			);
			runOnlyForDeploymentPostprocessing = 0;
		};
/* End PBXResourcesBuildPhase section */

/* Begin PBXSourcesBuildPhase section */
		22366FEF24ED0E9A00FE9D40 /* Sources */ = {
			isa = PBXSourcesBuildPhase;
			buildActionMask = 2147483647;
			files = (
				22366FFB24ED0E9A00FE9D40 /* ViewController.swift in Sources */,
				2236700124ED0E9A00FE9D40 /* RxSample.xcdatamodeld in Sources */,
				22366FF724ED0E9A00FE9D40 /* AppDelegate.swift in Sources */,
				22366FF924ED0E9A00FE9D40 /* SceneDelegate.swift in Sources */,
			);
			runOnlyForDeploymentPostprocessing = 0;
		};
		2236700824ED0E9D00FE9D40 /* Sources */ = {
			isa = PBXSourcesBuildPhase;
			buildActionMask = 2147483647;
			files = (
				2236701124ED0E9D00FE9D40 /* RxSampleTests.swift in Sources */,
			);
			runOnlyForDeploymentPostprocessing = 0;
		};
		2236701324ED0E9D00FE9D40 /* Sources */ = {
			isa = PBXSourcesBuildPhase;
			buildActionMask = 2147483647;
			files = (
				2236701C24ED0E9D00FE9D40 /* RxSampleUITests.swift in Sources */,
			);
			runOnlyForDeploymentPostprocessing = 0;
		};
/* End PBXSourcesBuildPhase section */

/* Begin PBXTargetDependency section */
		2236700E24ED0E9D00FE9D40 /* PBXTargetDependency */ = {
			isa = PBXTargetDependency;
			target = 22366FF224ED0E9A00FE9D40 /* RxSample */;
			targetProxy = 2236700D24ED0E9D00FE9D40 /* PBXContainerItemProxy */;
		};
		2236701924ED0E9D00FE9D40 /* PBXTargetDependency */ = {
			isa = PBXTargetDependency;
			target = 22366FF224ED0E9A00FE9D40 /* RxSample */;
			targetProxy = 2236701824ED0E9D00FE9D40 /* PBXContainerItemProxy */;
		};
/* End PBXTargetDependency section */

/* Begin PBXVariantGroup section */
		22366FFC24ED0E9A00FE9D40 /* Main.storyboard */ = {
			isa = PBXVariantGroup;
			children = (
				22366FFD24ED0E9A00FE9D40 /* Base */,
			);
			name = Main.storyboard;
			sourceTree = "<group>";
		};
		2236700424ED0E9D00FE9D40 /* LaunchScreen.storyboard */ = {
			isa = PBXVariantGroup;
			children = (
				2236700524ED0E9D00FE9D40 /* Base */,
			);
			name = LaunchScreen.storyboard;
			sourceTree = "<group>";
		};
/* End PBXVariantGroup section */

/* Begin XCBuildConfiguration section */
		2236701E24ED0E9D00FE9D40 /* Debug */ = {
			isa = XCBuildConfiguration;
			buildSettings = {
				ALWAYS_SEARCH_USER_PATHS = NO;
				CLANG_ANALYZER_NONNULL = YES;
				CLANG_ANALYZER_NUMBER_OBJECT_CONVERSION = YES_AGGRESSIVE;
				CLANG_CXX_LANGUAGE_STANDARD = "gnu++14";
				CLANG_CXX_LIBRARY = "libc++";
				CLANG_ENABLE_MODULES = YES;
				CLANG_ENABLE_OBJC_ARC = YES;
				CLANG_ENABLE_OBJC_WEAK = YES;
				CLANG_WARN_BLOCK_CAPTURE_AUTORELEASING = YES;
				CLANG_WARN_BOOL_CONVERSION = YES;
				CLANG_WARN_COMMA = YES;
				CLANG_WARN_CONSTANT_CONVERSION = YES;
				CLANG_WARN_DEPRECATED_OBJC_IMPLEMENTATIONS = YES;
				CLANG_WARN_DIRECT_OBJC_ISA_USAGE = YES_ERROR;
				CLANG_WARN_DOCUMENTATION_COMMENTS = YES;
				CLANG_WARN_EMPTY_BODY = YES;
				CLANG_WARN_ENUM_CONVERSION = YES;
				CLANG_WARN_INFINITE_RECURSION = YES;
				CLANG_WARN_INT_CONVERSION = YES;
				CLANG_WARN_NON_LITERAL_NULL_CONVERSION = YES;
				CLANG_WARN_OBJC_IMPLICIT_RETAIN_SELF = YES;
				CLANG_WARN_OBJC_LITERAL_CONVERSION = YES;
				CLANG_WARN_OBJC_ROOT_CLASS = YES_ERROR;
				CLANG_WARN_RANGE_LOOP_ANALYSIS = YES;
				CLANG_WARN_STRICT_PROTOTYPES = YES;
				CLANG_WARN_SUSPICIOUS_MOVE = YES;
				CLANG_WARN_UNGUARDED_AVAILABILITY = YES_AGGRESSIVE;
				CLANG_WARN_UNREACHABLE_CODE = YES;
				CLANG_WARN__DUPLICATE_METHOD_MATCH = YES;
				COPY_PHASE_STRIP = NO;
				DEBUG_INFORMATION_FORMAT = dwarf;
				ENABLE_STRICT_OBJC_MSGSEND = YES;
				ENABLE_TESTABILITY = YES;
				GCC_C_LANGUAGE_STANDARD = gnu11;
				GCC_DYNAMIC_NO_PIC = NO;
				GCC_NO_COMMON_BLOCKS = YES;
				GCC_OPTIMIZATION_LEVEL = 0;
				GCC_PREPROCESSOR_DEFINITIONS = (
					"DEBUG=1",
					"$(inherited)",
				);
				GCC_WARN_64_TO_32_BIT_CONVERSION = YES;
				GCC_WARN_ABOUT_RETURN_TYPE = YES_ERROR;
				GCC_WARN_UNDECLARED_SELECTOR = YES;
				GCC_WARN_UNINITIALIZED_AUTOS = YES_AGGRESSIVE;
				GCC_WARN_UNUSED_FUNCTION = YES;
				GCC_WARN_UNUSED_VARIABLE = YES;
				IPHONEOS_DEPLOYMENT_TARGET = 13.6;
				MTL_ENABLE_DEBUG_INFO = INCLUDE_SOURCE;
				MTL_FAST_MATH = YES;
				ONLY_ACTIVE_ARCH = YES;
				SDKROOT = iphoneos;
				SWIFT_ACTIVE_COMPILATION_CONDITIONS = DEBUG;
				SWIFT_OPTIMIZATION_LEVEL = "-Onone";
			};
			name = Debug;
		};
		2236701F24ED0E9D00FE9D40 /* Release */ = {
			isa = XCBuildConfiguration;
			buildSettings = {
				ALWAYS_SEARCH_USER_PATHS = NO;
				CLANG_ANALYZER_NONNULL = YES;
				CLANG_ANALYZER_NUMBER_OBJECT_CONVERSION = YES_AGGRESSIVE;
				CLANG_CXX_LANGUAGE_STANDARD = "gnu++14";
				CLANG_CXX_LIBRARY = "libc++";
				CLANG_ENABLE_MODULES = YES;
				CLANG_ENABLE_OBJC_ARC = YES;
				CLANG_ENABLE_OBJC_WEAK = YES;
				CLANG_WARN_BLOCK_CAPTURE_AUTORELEASING = YES;
				CLANG_WARN_BOOL_CONVERSION = YES;
				CLANG_WARN_COMMA = YES;
				CLANG_WARN_CONSTANT_CONVERSION = YES;
				CLANG_WARN_DEPRECATED_OBJC_IMPLEMENTATIONS = YES;
				CLANG_WARN_DIRECT_OBJC_ISA_USAGE = YES_ERROR;
				CLANG_WARN_DOCUMENTATION_COMMENTS = YES;
				CLANG_WARN_EMPTY_BODY = YES;
				CLANG_WARN_ENUM_CONVERSION = YES;
				CLANG_WARN_INFINITE_RECURSION = YES;
				CLANG_WARN_INT_CONVERSION = YES;
				CLANG_WARN_NON_LITERAL_NULL_CONVERSION = YES;
				CLANG_WARN_OBJC_IMPLICIT_RETAIN_SELF = YES;
				CLANG_WARN_OBJC_LITERAL_CONVERSION = YES;
				CLANG_WARN_OBJC_ROOT_CLASS = YES_ERROR;
				CLANG_WARN_RANGE_LOOP_ANALYSIS = YES;
				CLANG_WARN_STRICT_PROTOTYPES = YES;
				CLANG_WARN_SUSPICIOUS_MOVE = YES;
				CLANG_WARN_UNGUARDED_AVAILABILITY = YES_AGGRESSIVE;
				CLANG_WARN_UNREACHABLE_CODE = YES;
				CLANG_WARN__DUPLICATE_METHOD_MATCH = YES;
				COPY_PHASE_STRIP = NO;
				DEBUG_INFORMATION_FORMAT = "dwarf-with-dsym";
				ENABLE_NS_ASSERTIONS = NO;
				ENABLE_STRICT_OBJC_MSGSEND = YES;
				GCC_C_LANGUAGE_STANDARD = gnu11;
				GCC_NO_COMMON_BLOCKS = YES;
				GCC_WARN_64_TO_32_BIT_CONVERSION = YES;
				GCC_WARN_ABOUT_RETURN_TYPE = YES_ERROR;
				GCC_WARN_UNDECLARED_SELECTOR = YES;
				GCC_WARN_UNINITIALIZED_AUTOS = YES_AGGRESSIVE;
				GCC_WARN_UNUSED_FUNCTION = YES;
				GCC_WARN_UNUSED_VARIABLE = YES;
				IPHONEOS_DEPLOYMENT_TARGET = 13.6;
				MTL_ENABLE_DEBUG_INFO = NO;
				MTL_FAST_MATH = YES;
				SDKROOT = iphoneos;
				SWIFT_COMPILATION_MODE = wholemodule;
				SWIFT_OPTIMIZATION_LEVEL = "-O";
				VALIDATE_PRODUCT = YES;
			};
			name = Release;
		};
		2236702124ED0E9D00FE9D40 /* Debug */ = {
			isa = XCBuildConfiguration;
			buildSettings = {
				ASSETCATALOG_COMPILER_APPICON_NAME = AppIcon;
				CODE_SIGN_STYLE = Automatic;
				INFOPLIST_FILE = RxSample/Info.plist;
				LD_RUNPATH_SEARCH_PATHS = (
					"$(inherited)",
					"@executable_path/Frameworks",
				);
				PRODUCT_BUNDLE_IDENTIFIER = net.goodcycle.RxSample;
				PRODUCT_NAME = "$(TARGET_NAME)";
				SWIFT_VERSION = 5.0;
				TARGETED_DEVICE_FAMILY = "1,2";
			};
			name = Debug;
		};
		2236702224ED0E9D00FE9D40 /* Release */ = {
			isa = XCBuildConfiguration;
			buildSettings = {
				ASSETCATALOG_COMPILER_APPICON_NAME = AppIcon;
				CODE_SIGN_STYLE = Automatic;
				INFOPLIST_FILE = RxSample/Info.plist;
				LD_RUNPATH_SEARCH_PATHS = (
					"$(inherited)",
					"@executable_path/Frameworks",
				);
				PRODUCT_BUNDLE_IDENTIFIER = net.goodcycle.RxSample;
				PRODUCT_NAME = "$(TARGET_NAME)";
				SWIFT_VERSION = 5.0;
				TARGETED_DEVICE_FAMILY = "1,2";
			};
			name = Release;
		};
		2236702424ED0E9D00FE9D40 /* Debug */ = {
			isa = XCBuildConfiguration;
			buildSettings = {
				ALWAYS_EMBED_SWIFT_STANDARD_LIBRARIES = YES;
				BUNDLE_LOADER = "$(TEST_HOST)";
				CODE_SIGN_STYLE = Automatic;
				INFOPLIST_FILE = RxSampleTests/Info.plist;
				IPHONEOS_DEPLOYMENT_TARGET = 13.6;
				LD_RUNPATH_SEARCH_PATHS = (
					"$(inherited)",
					"@executable_path/Frameworks",
					"@loader_path/Frameworks",
				);
				PRODUCT_BUNDLE_IDENTIFIER = net.goodcycle.RxSampleTests;
				PRODUCT_NAME = "$(TARGET_NAME)";
				SWIFT_VERSION = 5.0;
				TARGETED_DEVICE_FAMILY = "1,2";
				TEST_HOST = "$(BUILT_PRODUCTS_DIR)/RxSample.app/RxSample";
			};
			name = Debug;
		};
		2236702524ED0E9D00FE9D40 /* Release */ = {
			isa = XCBuildConfiguration;
			buildSettings = {
				ALWAYS_EMBED_SWIFT_STANDARD_LIBRARIES = YES;
				BUNDLE_LOADER = "$(TEST_HOST)";
				CODE_SIGN_STYLE = Automatic;
				INFOPLIST_FILE = RxSampleTests/Info.plist;
				IPHONEOS_DEPLOYMENT_TARGET = 13.6;
				LD_RUNPATH_SEARCH_PATHS = (
					"$(inherited)",
					"@executable_path/Frameworks",
					"@loader_path/Frameworks",
				);
				PRODUCT_BUNDLE_IDENTIFIER = net.goodcycle.RxSampleTests;
				PRODUCT_NAME = "$(TARGET_NAME)";
				SWIFT_VERSION = 5.0;
				TARGETED_DEVICE_FAMILY = "1,2";
				TEST_HOST = "$(BUILT_PRODUCTS_DIR)/RxSample.app/RxSample";
			};
			name = Release;
		};
		2236702724ED0E9D00FE9D40 /* Debug */ = {
			isa = XCBuildConfiguration;
			buildSettings = {
				ALWAYS_EMBED_SWIFT_STANDARD_LIBRARIES = YES;
				CODE_SIGN_STYLE = Automatic;
				INFOPLIST_FILE = RxSampleUITests/Info.plist;
				LD_RUNPATH_SEARCH_PATHS = (
					"$(inherited)",
					"@executable_path/Frameworks",
					"@loader_path/Frameworks",
				);
				PRODUCT_BUNDLE_IDENTIFIER = net.goodcycle.RxSampleUITests;
				PRODUCT_NAME = "$(TARGET_NAME)";
				SWIFT_VERSION = 5.0;
				TARGETED_DEVICE_FAMILY = "1,2";
				TEST_TARGET_NAME = RxSample;
			};
			name = Debug;
		};
		2236702824ED0E9D00FE9D40 /* Release */ = {
			isa = XCBuildConfiguration;
			buildSettings = {
				ALWAYS_EMBED_SWIFT_STANDARD_LIBRARIES = YES;
				CODE_SIGN_STYLE = Automatic;
				INFOPLIST_FILE = RxSampleUITests/Info.plist;
				LD_RUNPATH_SEARCH_PATHS = (
					"$(inherited)",
					"@executable_path/Frameworks",
					"@loader_path/Frameworks",
				);
				PRODUCT_BUNDLE_IDENTIFIER = net.goodcycle.RxSampleUITests;
				PRODUCT_NAME = "$(TARGET_NAME)";
				SWIFT_VERSION = 5.0;
				TARGETED_DEVICE_FAMILY = "1,2";
				TEST_TARGET_NAME = RxSample;
			};
			name = Release;
		};
/* End XCBuildConfiguration section */

/* Begin XCConfigurationList section */
		22366FEE24ED0E9A00FE9D40 /* Build configuration list for PBXProject "RxSample" */ = {
			isa = XCConfigurationList;
			buildConfigurations = (
				2236701E24ED0E9D00FE9D40 /* Debug */,
				2236701F24ED0E9D00FE9D40 /* Release */,
			);
			defaultConfigurationIsVisible = 0;
			defaultConfigurationName = Release;
		};
		2236702024ED0E9D00FE9D40 /* Build configuration list for PBXNativeTarget "RxSample" */ = {
			isa = XCConfigurationList;
			buildConfigurations = (
				2236702124ED0E9D00FE9D40 /* Debug */,
				2236702224ED0E9D00FE9D40 /* Release */,
			);
			defaultConfigurationIsVisible = 0;
			defaultConfigurationName = Release;
		};
		2236702324ED0E9D00FE9D40 /* Build configuration list for PBXNativeTarget "RxSampleTests" */ = {
			isa = XCConfigurationList;
			buildConfigurations = (
				2236702424ED0E9D00FE9D40 /* Debug */,
				2236702524ED0E9D00FE9D40 /* Release */,
			);
			defaultConfigurationIsVisible = 0;
			defaultConfigurationName = Release;
		};
		2236702624ED0E9D00FE9D40 /* Build configuration list for PBXNativeTarget "RxSampleUITests" */ = {
			isa = XCConfigurationList;
			buildConfigurations = (
				2236702724ED0E9D00FE9D40 /* Debug */,
				2236702824ED0E9D00FE9D40 /* Release */,
			);
			defaultConfigurationIsVisible = 0;
			defaultConfigurationName = Release;
		};
/* End XCConfigurationList section */

/* Begin XCVersionGroup section */
		22366FFF24ED0E9A00FE9D40 /* RxSample.xcdatamodeld */ = {
			isa = XCVersionGroup;
			children = (
				2236700024ED0E9A00FE9D40 /* RxSample.xcdatamodel */,
			);
			currentVersion = 2236700024ED0E9A00FE9D40 /* RxSample.xcdatamodel */;
			path = RxSample.xcdatamodeld;
			sourceTree = "<group>";
			versionGroupType = wrapper.xcdatamodel;
		};
/* End XCVersionGroup section */
	};
	rootObject = 22366FEB24ED0E9A00FE9D40 /* Project object */;
}
